PODS:
  - RxCocoa (6.1.0):
    - RxRelay (= 6.1.0)
    - RxSwift (= 6.1.0)
  - RxRelay (6.1.0):
    - RxSwift (= 6.1.0)
  - RxSwift (6.1.0)
  - SpotifyHelper (0.1.0):
    - RxCocoa (~> 6.1.0)
    - RxRelay (~> 6.1.0)
    - RxSwift (~> 6.1.0)

DEPENDENCIES:
  - RxCocoa (~> 6.1.0)
  - RxRelay (~> 6.1.0)
  - RxSwift (~> 6.1.0)
  - SpotifyHelper (from `../`)

SPEC REPOS:
  https://github.com/CocoaPods/Specs.git:
    - RxCocoa
    - RxRelay
    - RxSwift

EXTERNAL SOURCES:
  SpotifyHelper:
    :path: "../"

SPEC CHECKSUMS:
  RxCocoa: 5c51f02d562cbd94629f6c26cf0c80fe4ab8d343
  RxRelay: 483e1a19fad961b41f0b0c0bee506f46c1ae14fe
  RxSwift: a834e5c538e89eca0cae86f403f4fbf0336786ce
  SpotifyHelper: 365a1cfaf690a474ba8b4cac9e6dbeb2717e62d5

PODFILE CHECKSUM: 69d27e9d08ba1d2d1073c1acec675159a520bc81

COCOAPODS: 1.10.1
